
Microsoft Visual Studio Solution File, Format Version 12.00
# Visual Studio Version 16
VisualStudioVersion = 16.0.28803.202
MinimumVisualStudioVersion = 10.0.40219.1
Project("{888888A0-9F3D-457C-B088-3A5042F75D52}") = "VibrationFFT", "VibrationFFT\VibrationFFT.pyproj", "{28BB4D6F-E0CE-469E-9436-C001224701FF}"
EndProject
Global
	GlobalSection(SolutionConfigurationPlatforms) = preSolution
		Debug|Any CPU = Debug|Any CPU
		Release|Any CPU = Release|Any CPU
	EndGlobalSection
	GlobalSection(ProjectConfigurationPlatforms) = postSolution
		{28BB4D6F-E0CE-469E-9436-C001224701FF}.Debug|Any CPU.ActiveCfg = Debug|Any CPU
		{28BB4D6F-E0CE-469E-9436-C001224701FF}.Release|Any CPU.ActiveCfg = Release|Any CPU
	EndGlobalSection
	GlobalSection(SolutionProperties) = preSolution
		HideSolutionNode = FALSE
	EndGlobalSection
	GlobalSection(ExtensibilityGlobals) = postSolution
		SolutionGuid = {3CF06688-68CE-46AF-A4A8-5C6E23119B90}
	EndGlobalSection
EndGlobal
